
Microsoft Visual Studio Solution File, Format Version 12.00
# Visual Studio Version 16
VisualStudioVersion = 16.0.30907.101
MinimumVisualStudioVersion = 10.0.40219.1
Project("{9A19103F-16F7-4668-BE54-9A1E7A4F7556}") = "TradeStats", "TradeStats.csproj", "{BF0EFE27-EE9A-4478-8AE5-C00925770744}"
EndProject
Global
	GlobalSection(SolutionConfigurationPlatforms) = preSolution
		Debug|Any CPU = Debug|Any CPU
		Release|Any CPU = Release|Any CPU
	EndGlobalSection
	GlobalSection(ProjectConfigurationPlatforms) = postSolution
		{BF0EFE27-EE9A-4478-8AE5-C00925770744}.Debug|Any CPU.ActiveCfg = Debug|Any CPU
		{BF0EFE27-EE9A-4478-8AE5-C00925770744}.Debug|Any CPU.Build.0 = Debug|Any CPU
		{BF0EFE27-EE9A-4478-8AE5-C00925770744}.Release|Any CPU.ActiveCfg = Release|Any CPU
		{BF0EFE27-EE9A-4478-8AE5-C00925770744}.Release|Any CPU.Build.0 = Release|Any CPU
	EndGlobalSection
	GlobalSection(SolutionProperties) = preSolution
		HideSolutionNode = FALSE
	EndGlobalSection
	GlobalSection(ExtensibilityGlobals) = postSolution
		SolutionGuid = {201F6AF4-9AD9-4CE8-A8E9-11141F7F2006}
	EndGlobalSection
EndGlobal
